
Microsoft Visual Studio Solution File, Format Version 12.00
# Visual Studio Version 17
VisualStudioVersion = 17.12.35506.116 d17.12
MinimumVisualStudioVersion = 10.0.40219.1
Project("{FAE04EC0-301F-11D3-BF4B-00C04F79EFBC}") = "LangTrack.Api", "LangTrack.Api\LangTrack.Api.csproj", "{7F534C01-8FC3-4443-BAD7-8309B92A79C9}"
EndProject
Project("{FAE04EC0-301F-11D3-BF4B-00C04F79EFBC}") = "LangTrack.Domain", "LangTrack.Domain\LangTrack.Domain.csproj", "{2D4B6CED-26AF-41F3-9418-3199DBCBFF62}"
EndProject
Project("{FAE04EC0-301F-11D3-BF4B-00C04F79EFBC}") = "LangTrack.Infrastructure", "LangTrack.Infrastructure\LangTrack.Infrastructure.csproj", "{529D04CF-3B58-4A8E-9785-B8B5F1CFBF1C}"
EndProject
Global
	GlobalSection(SolutionConfigurationPlatforms) = preSolution
		Debug|Any CPU = Debug|Any CPU
		Release|Any CPU = Release|Any CPU
	EndGlobalSection
	GlobalSection(ProjectConfigurationPlatforms) = postSolution
		{7F534C01-8FC3-4443-BAD7-8309B92A79C9}.Debug|Any CPU.ActiveCfg = Debug|Any CPU
		{7F534C01-8FC3-4443-BAD7-8309B92A79C9}.Debug|Any CPU.Build.0 = Debug|Any CPU
		{7F534C01-8FC3-4443-BAD7-8309B92A79C9}.Release|Any CPU.ActiveCfg = Release|Any CPU
		{7F534C01-8FC3-4443-BAD7-8309B92A79C9}.Release|Any CPU.Build.0 = Release|Any CPU
		{2D4B6CED-26AF-41F3-9418-3199DBCBFF62}.Debug|Any CPU.ActiveCfg = Debug|Any CPU
		{2D4B6CED-26AF-41F3-9418-3199DBCBFF62}.Debug|Any CPU.Build.0 = Debug|Any CPU
		{2D4B6CED-26AF-41F3-9418-3199DBCBFF62}.Release|Any CPU.ActiveCfg = Release|Any CPU
		{2D4B6CED-26AF-41F3-9418-3199DBCBFF62}.Release|Any CPU.Build.0 = Release|Any CPU
		{529D04CF-3B58-4A8E-9785-B8B5F1CFBF1C}.Debug|Any CPU.ActiveCfg = Debug|Any CPU
		{529D04CF-3B58-4A8E-9785-B8B5F1CFBF1C}.Debug|Any CPU.Build.0 = Debug|Any CPU
		{529D04CF-3B58-4A8E-9785-B8B5F1CFBF1C}.Release|Any CPU.ActiveCfg = Release|Any CPU
		{529D04CF-3B58-4A8E-9785-B8B5F1CFBF1C}.Release|Any CPU.Build.0 = Release|Any CPU
	EndGlobalSection
	GlobalSection(SolutionProperties) = preSolution
		HideSolutionNode = FALSE
	EndGlobalSection
EndGlobal
